
Microsoft Visual Studio Solution File, Format Version 12.00
# Visual Studio Version 17
VisualStudioVersion = 17.7.34031.279
MinimumVisualStudioVersion = 10.0.40219.1
Project("{FAE04EC0-301F-11D3-BF4B-00C04F79EFBC}") = "Sesion 3.2", "Sesion 3\Sesion 3.2.csproj", "{DB6A6E81-7B2B-4FF5-871E-2F438D074836}"
EndProject
Global
	GlobalSection(SolutionConfigurationPlatforms) = preSolution
		Debug|Any CPU = Debug|Any CPU
		Release|Any CPU = Release|Any CPU
	EndGlobalSection
	GlobalSection(ProjectConfigurationPlatforms) = postSolution
		{DB6A6E81-7B2B-4FF5-871E-2F438D074836}.Debug|Any CPU.ActiveCfg = Debug|Any CPU
		{DB6A6E81-7B2B-4FF5-871E-2F438D074836}.Debug|Any CPU.Build.0 = Debug|Any CPU
		{DB6A6E81-7B2B-4FF5-871E-2F438D074836}.Release|Any CPU.ActiveCfg = Release|Any CPU
		{DB6A6E81-7B2B-4FF5-871E-2F438D074836}.Release|Any CPU.Build.0 = Release|Any CPU
	EndGlobalSection
	GlobalSection(SolutionProperties) = preSolution
		HideSolutionNode = FALSE
	EndGlobalSection
	GlobalSection(ExtensibilityGlobals) = postSolution
		SolutionGuid = {6EF37003-B016-40A1-AA9A-A2839D73AF17}
	EndGlobalSection
EndGlobal
